// !$*UTF8*$!
{
	archiveVersion = 1;
	classes = {
	};
	objectVersion = 51;
	objects = {

/* Begin PBXBuildFile section */
		3BC06EBF265EB41900FF3D05 /* WebViewController.swift in Sources */ = {isa = PBXBuildFile; fileRef = 3BC06EBE265EB41900FF3D05 /* WebViewController.swift */; };
		82FA96032654E99A00FF463C /* AppDelegate.swift in Sources */ = {isa = PBXBuildFile; fileRef = 82FA96022654E99A00FF463C /* AppDelegate.swift */; };
		82FA96052654E99A00FF463C /* SceneDelegate.swift in Sources */ = {isa = PBXBuildFile; fileRef = 82FA96042654E99A00FF463C /* SceneDelegate.swift */; };
		82FA960A2654E99A00FF463C /* Main.storyboard in Resources */ = {isa = PBXBuildFile; fileRef = 82FA96082654E99A00FF463C /* Main.storyboard */; };
		82FA960C2654E99D00FF463C /* Assets.xcassets in Resources */ = {isa = PBXBuildFile; fileRef = 82FA960B2654E99D00FF463C /* Assets.xcassets */; };
		82FA960F2654E99D00FF463C /* LaunchScreen.storyboard in Resources */ = {isa = PBXBuildFile; fileRef = 82FA960D2654E99D00FF463C /* LaunchScreen.storyboard */; };
		82FA961A2654F08600FF463C /* YoloViewController.swift in Sources */ = {isa = PBXBuildFile; fileRef = 82FA96192654F08600FF463C /* YoloViewController.swift */; };
		843DA0FE2657AC60003AF7D3 /* YOLOv3.mlmodel in Sources */ = {isa = PBXBuildFile; fileRef = 843DA0FD2657AC60003AF7D3 /* YOLOv3.mlmodel */; };
		847388C2265B8D02001C3C26 /* TableViewController.swift in Sources */ = {isa = PBXBuildFile; fileRef = 847388C1265B8D02001C3C26 /* TableViewController.swift */; };
		9CBD1E4A2662696F00AE71F0 /* CartWebViewController.swift in Sources */ = {isa = PBXBuildFile; fileRef = 9CBD1E492662696F00AE71F0 /* CartWebViewController.swift */; };
		BDBBB30340657FCE125127C6 /* Pods_project_1871180.framework in Frameworks */ = {isa = PBXBuildFile; fileRef = 99656A742B4035A1157C5E0C /* Pods_project_1871180.framework */; };
		F0422012266116BF00349842 /* CartViewController.swift in Sources */ = {isa = PBXBuildFile; fileRef = F0422011266116BF00349842 /* CartViewController.swift */; };
/* End PBXBuildFile section */

/* Begin PBXFileReference section */
		3BC06EBE265EB41900FF3D05 /* WebViewController.swift */ = {isa = PBXFileReference; lastKnownFileType = sourcecode.swift; path = WebViewController.swift; sourceTree = "<group>"; };
		82FA95FF2654E99A00FF463C /* project-1871180.app */ = {isa = PBXFileReference; explicitFileType = wrapper.application; includeInIndex = 0; path = "project-1871180.app"; sourceTree = BUILT_PRODUCTS_DIR; };
		82FA96022654E99A00FF463C /* AppDelegate.swift */ = {isa = PBXFileReference; lastKnownFileType = sourcecode.swift; path = AppDelegate.swift; sourceTree = "<group>"; };
		82FA96042654E99A00FF463C /* SceneDelegate.swift */ = {isa = PBXFileReference; lastKnownFileType = sourcecode.swift; path = SceneDelegate.swift; sourceTree = "<group>"; };
		82FA96092654E99A00FF463C /* Base */ = {isa = PBXFileReference; lastKnownFileType = file.storyboard; name = Base; path = Base.lproj/Main.storyboard; sourceTree = "<group>"; };
		82FA960B2654E99D00FF463C /* Assets.xcassets */ = {isa = PBXFileReference; lastKnownFileType = folder.assetcatalog; path = Assets.xcassets; sourceTree = "<group>"; };
		82FA960E2654E99D00FF463C /* Base */ = {isa = PBXFileReference; lastKnownFileType = file.storyboard; name = Base; path = Base.lproj/LaunchScreen.storyboard; sourceTree = "<group>"; };
		82FA96102654E99D00FF463C /* Info.plist */ = {isa = PBXFileReference; lastKnownFileType = text.plist.xml; path = Info.plist; sourceTree = "<group>"; };
		82FA96192654F08600FF463C /* YoloViewController.swift */ = {isa = PBXFileReference; lastKnownFileType = sourcecode.swift; path = YoloViewController.swift; sourceTree = "<group>"; };
		843DA0FD2657AC60003AF7D3 /* YOLOv3.mlmodel */ = {isa = PBXFileReference; lastKnownFileType = file.mlmodel; path = YOLOv3.mlmodel; sourceTree = "<group>"; };
		847388C1265B8D02001C3C26 /* TableViewController.swift */ = {isa = PBXFileReference; lastKnownFileType = sourcecode.swift; path = TableViewController.swift; sourceTree = "<group>"; };
		99656A742B4035A1157C5E0C /* Pods_project_1871180.framework */ = {isa = PBXFileReference; explicitFileType = wrapper.framework; includeInIndex = 0; path = Pods_project_1871180.framework; sourceTree = BUILT_PRODUCTS_DIR; };
		9CBD1E492662696F00AE71F0 /* CartWebViewController.swift */ = {isa = PBXFileReference; lastKnownFileType = sourcecode.swift; path = CartWebViewController.swift; sourceTree = "<group>"; };
		9E237136D670F773FD960C2B /* Pods-project-1871180.release.xcconfig */ = {isa = PBXFileReference; includeInIndex = 1; lastKnownFileType = text.xcconfig; name = "Pods-project-1871180.release.xcconfig"; path = "Target Support Files/Pods-project-1871180/Pods-project-1871180.release.xcconfig"; sourceTree = "<group>"; };
		A85EEDC978D6EC1EC305F9A6 /* Pods-project-1871180.debug.xcconfig */ = {isa = PBXFileReference; includeInIndex = 1; lastKnownFileType = text.xcconfig; name = "Pods-project-1871180.debug.xcconfig"; path = "Target Support Files/Pods-project-1871180/Pods-project-1871180.debug.xcconfig"; sourceTree = "<group>"; };
		F0422011266116BF00349842 /* CartViewController.swift */ = {isa = PBXFileReference; lastKnownFileType = sourcecode.swift; path = CartViewController.swift; sourceTree = "<group>"; };
/* End PBXFileReference section */

/* Begin PBXFrameworksBuildPhase section */
		82FA95FC2654E99A00FF463C /* Frameworks */ = {
			isa = PBXFrameworksBuildPhase;
			buildActionMask = 2147483647;
			files = (
				BDBBB30340657FCE125127C6 /* Pods_project_1871180.framework in Frameworks */,
			);
			runOnlyForDeploymentPostprocessing = 0;
		};
/* End PBXFrameworksBuildPhase section */

/* Begin PBXGroup section */
		82FA95F62654E99A00FF463C = {
			isa = PBXGroup;
			children = (
				82FA96012654E99A00FF463C /* project-1871180 */,
				82FA96002654E99A00FF463C /* Products */,
				B1D3FB4C1AABA6843E21D8CA /* Pods */,
				96E04BED0AD60C3C1175E89D /* Frameworks */,
			);
			sourceTree = "<group>";
		};
		82FA96002654E99A00FF463C /* Products */ = {
			isa = PBXGroup;
			children = (
				82FA95FF2654E99A00FF463C /* project-1871180.app */,
			);
			name = Products;
			sourceTree = "<group>";
		};
		82FA96012654E99A00FF463C /* project-1871180 */ = {
			isa = PBXGroup;
			children = (
				843DA0FD2657AC60003AF7D3 /* YOLOv3.mlmodel */,
				82FA96022654E99A00FF463C /* AppDelegate.swift */,
				82FA96042654E99A00FF463C /* SceneDelegate.swift */,
				82FA96082654E99A00FF463C /* Main.storyboard */,
				82FA960B2654E99D00FF463C /* Assets.xcassets */,
				82FA960D2654E99D00FF463C /* LaunchScreen.storyboard */,
				82FA96102654E99D00FF463C /* Info.plist */,
				82FA96192654F08600FF463C /* YoloViewController.swift */,
				847388C1265B8D02001C3C26 /* TableViewController.swift */,
				3BC06EBE265EB41900FF3D05 /* WebViewController.swift */,
				F0422011266116BF00349842 /* CartViewController.swift */,
				9CBD1E492662696F00AE71F0 /* CartWebViewController.swift */,
			);
			path = "project-1871180";
			sourceTree = "<group>";
		};
		96E04BED0AD60C3C1175E89D /* Frameworks */ = {
			isa = PBXGroup;
			children = (
				99656A742B4035A1157C5E0C /* Pods_project_1871180.framework */,
			);
			name = Frameworks;
			sourceTree = "<group>";
		};
		B1D3FB4C1AABA6843E21D8CA /* Pods */ = {
			isa = PBXGroup;
			children = (
				A85EEDC978D6EC1EC305F9A6 /* Pods-project-1871180.debug.xcconfig */,
				9E237136D670F773FD960C2B /* Pods-project-1871180.release.xcconfig */,
			);
			path = Pods;
			sourceTree = "<group>";
		};
/* End PBXGroup section */

/* Begin PBXNativeTarget section */
		82FA95FE2654E99A00FF463C /* project-1871180 */ = {
			isa = PBXNativeTarget;
			buildConfigurationList = 82FA96132654E99D00FF463C /* Build configuration list for PBXNativeTarget "project-1871180" */;
			buildPhases = (
				5DD64D0AA960C052F3FF6F63 /* [CP] Check Pods Manifest.lock */,
				82FA95FB2654E99A00FF463C /* Sources */,
				82FA95FC2654E99A00FF463C /* Frameworks */,
				82FA95FD2654E99A00FF463C /* Resources */,
				F67D9ABAC2A76359C8B63E79 /* [CP] Embed Pods Frameworks */,
			);
			buildRules = (
			);
			dependencies = (
			);
			name = "project-1871180";
			productName = "project-1871180";
			productReference = 82FA95FF2654E99A00FF463C /* project-1871180.app */;
			productType = "com.apple.product-type.application";
		};
/* End PBXNativeTarget section */

/* Begin PBXProject section */
		82FA95F72654E99A00FF463C /* Project object */ = {
			isa = PBXProject;
			attributes = {
				LastSwiftUpdateCheck = 1240;
				LastUpgradeCheck = 1240;
				TargetAttributes = {
					82FA95FE2654E99A00FF463C = {
						CreatedOnToolsVersion = 12.4;
					};
				};
			};
			buildConfigurationList = 82FA95FA2654E99A00FF463C /* Build configuration list for PBXProject "project-1871180" */;
			compatibilityVersion = "Xcode 9.3";
			developmentRegion = en;
			hasScannedForEncodings = 0;
			knownRegions = (
				en,
				Base,
			);
			mainGroup = 82FA95F62654E99A00FF463C;
			productRefGroup = 82FA96002654E99A00FF463C /* Products */;
			projectDirPath = "";
			projectRoot = "";
			targets = (
				82FA95FE2654E99A00FF463C /* project-1871180 */,
			);
		};
/* End PBXProject section */

/* Begin PBXResourcesBuildPhase section */
		82FA95FD2654E99A00FF463C /* Resources */ = {
			isa = PBXResourcesBuildPhase;
			buildActionMask = 2147483647;
			files = (
				82FA960F2654E99D00FF463C /* LaunchScreen.storyboard in Resources */,
				82FA960C2654E99D00FF463C /* Assets.xcassets in Resources */,
				82FA960A2654E99A00FF463C /* Main.storyboard in Resources */,
			);
			runOnlyForDeploymentPostprocessing = 0;
		};
/* End PBXResourcesBuildPhase section */

/* Begin PBXShellScriptBuildPhase section */
		5DD64D0AA960C052F3FF6F63 /* [CP] Check Pods Manifest.lock */ = {
			isa = PBXShellScriptBuildPhase;
			buildActionMask = 2147483647;
			files = (
			);
			inputFileListPaths = (
			);
			inputPaths = (
				"${PODS_PODFILE_DIR_PATH}/Podfile.lock",
				"${PODS_ROOT}/Manifest.lock",
			);
			name = "[CP] Check Pods Manifest.lock";
			outputFileListPaths = (
			);
			outputPaths = (
				"$(DERIVED_FILE_DIR)/Pods-project-1871180-checkManifestLockResult.txt",
			);
			runOnlyForDeploymentPostprocessing = 0;
			shellPath = /bin/sh;
			shellScript = "diff \"${PODS_PODFILE_DIR_PATH}/Podfile.lock\" \"${PODS_ROOT}/Manifest.lock\" > /dev/null\nif [ $? != 0 ] ; then\n    # print error to STDERR\n    echo \"error: The sandbox is not in sync with the Podfile.lock. Run 'pod install' or update your CocoaPods installation.\" >&2\n    exit 1\nfi\n# This output is used by Xcode 'outputs' to avoid re-running this script phase.\necho \"SUCCESS\" > \"${SCRIPT_OUTPUT_FILE_0}\"\n";
			showEnvVarsInLog = 0;
		};
		F67D9ABAC2A76359C8B63E79 /* [CP] Embed Pods Frameworks */ = {
			isa = PBXShellScriptBuildPhase;
			buildActionMask = 2147483647;
			files = (
			);
			inputFileListPaths = (
				"${PODS_ROOT}/Target Support Files/Pods-project-1871180/Pods-project-1871180-frameworks-${CONFIGURATION}-input-files.xcfilelist",
			);
			name = "[CP] Embed Pods Frameworks";
			outputFileListPaths = (
				"${PODS_ROOT}/Target Support Files/Pods-project-1871180/Pods-project-1871180-frameworks-${CONFIGURATION}-output-files.xcfilelist",
			);
			runOnlyForDeploymentPostprocessing = 0;
			shellPath = /bin/sh;
			shellScript = "\"${PODS_ROOT}/Target Support Files/Pods-project-1871180/Pods-project-1871180-frameworks.sh\"\n";
			showEnvVarsInLog = 0;
		};
/* End PBXShellScriptBuildPhase section */

/* Begin PBXSourcesBuildPhase section */
		82FA95FB2654E99A00FF463C /* Sources */ = {
			isa = PBXSourcesBuildPhase;
			buildActionMask = 2147483647;
			files = (
				82FA961A2654F08600FF463C /* YoloViewController.swift in Sources */,
				3BC06EBF265EB41900FF3D05 /* WebViewController.swift in Sources */,
				F0422012266116BF00349842 /* CartViewController.swift in Sources */,
				82FA96032654E99A00FF463C /* AppDelegate.swift in Sources */,
				843DA0FE2657AC60003AF7D3 /* YOLOv3.mlmodel in Sources */,
				9CBD1E4A2662696F00AE71F0 /* CartWebViewController.swift in Sources */,
				847388C2265B8D02001C3C26 /* TableViewController.swift in Sources */,
				82FA96052654E99A00FF463C /* SceneDelegate.swift in Sources */,
			);
			runOnlyForDeploymentPostprocessing = 0;
		};
/* End PBXSourcesBuildPhase section */

/* Begin PBXVariantGroup section */
		82FA96082654E99A00FF463C /* Main.storyboard */ = {
			isa = PBXVariantGroup;
			children = (
				82FA96092654E99A00FF463C /* Base */,
			);
			name = Main.storyboard;
			sourceTree = "<group>";
		};
		82FA960D2654E99D00FF463C /* LaunchScreen.storyboard */ = {
			isa = PBXVariantGroup;
			children = (
				82FA960E2654E99D00FF463C /* Base */,
			);
			name = LaunchScreen.storyboard;
			sourceTree = "<group>";
		};
/* End PBXVariantGroup section */

/* Begin XCBuildConfiguration section */
		82FA96112654E99D00FF463C /* Debug */ = {
			isa = XCBuildConfiguration;
			buildSettings = {
				ALWAYS_SEARCH_USER_PATHS = NO;
				CLANG_ANALYZER_NONNULL = YES;
				CLANG_ANALYZER_NUMBER_OBJECT_CONVERSION = YES_AGGRESSIVE;
				CLANG_CXX_LANGUAGE_STANDARD = "gnu++14";
				CLANG_CXX_LIBRARY = "libc++";
				CLANG_ENABLE_MODULES = YES;
				CLANG_ENABLE_OBJC_ARC = YES;
				CLANG_ENABLE_OBJC_WEAK = YES;
				CLANG_WARN_BLOCK_CAPTURE_AUTORELEASING = YES;
				CLANG_WARN_BOOL_CONVERSION = YES;
				CLANG_WARN_COMMA = YES;
				CLANG_WARN_CONSTANT_CONVERSION = YES;
				CLANG_WARN_DEPRECATED_OBJC_IMPLEMENTATIONS = YES;
				CLANG_WARN_DIRECT_OBJC_ISA_USAGE = YES_ERROR;
				CLANG_WARN_DOCUMENTATION_COMMENTS = YES;
				CLANG_WARN_EMPTY_BODY = YES;
				CLANG_WARN_ENUM_CONVERSION = YES;
				CLANG_WARN_INFINITE_RECURSION = YES;
				CLANG_WARN_INT_CONVERSION = YES;
				CLANG_WARN_NON_LITERAL_NULL_CONVERSION = YES;
				CLANG_WARN_OBJC_IMPLICIT_RETAIN_SELF = YES;
				CLANG_WARN_OBJC_LITERAL_CONVERSION = YES;
				CLANG_WARN_OBJC_ROOT_CLASS = YES_ERROR;
				CLANG_WARN_QUOTED_INCLUDE_IN_FRAMEWORK_HEADER = YES;
				CLANG_WARN_RANGE_LOOP_ANALYSIS = YES;
				CLANG_WARN_STRICT_PROTOTYPES = YES;
				CLANG_WARN_SUSPICIOUS_MOVE = YES;
				CLANG_WARN_UNGUARDED_AVAILABILITY = YES_AGGRESSIVE;
				CLANG_WARN_UNREACHABLE_CODE = YES;
				CLANG_WARN__DUPLICATE_METHOD_MATCH = YES;
				COPY_PHASE_STRIP = NO;
				DEBUG_INFORMATION_FORMAT = dwarf;
				ENABLE_STRICT_OBJC_MSGSEND = YES;
				ENABLE_TESTABILITY = YES;
				GCC_C_LANGUAGE_STANDARD = gnu11;
				GCC_DYNAMIC_NO_PIC = NO;
				GCC_NO_COMMON_BLOCKS = YES;
				GCC_OPTIMIZATION_LEVEL = 0;
				GCC_PREPROCESSOR_DEFINITIONS = (
					"DEBUG=1",
					"$(inherited)",
				);
				GCC_WARN_64_TO_32_BIT_CONVERSION = YES;
				GCC_WARN_ABOUT_RETURN_TYPE = YES_ERROR;
				GCC_WARN_UNDECLARED_SELECTOR = YES;
				GCC_WARN_UNINITIALIZED_AUTOS = YES_AGGRESSIVE;
				GCC_WARN_UNUSED_FUNCTION = YES;
				GCC_WARN_UNUSED_VARIABLE = YES;
				IPHONEOS_DEPLOYMENT_TARGET = 14.4;
				MTL_ENABLE_DEBUG_INFO = INCLUDE_SOURCE;
				MTL_FAST_MATH = YES;
				ONLY_ACTIVE_ARCH = YES;
				SDKROOT = iphoneos;
				SWIFT_ACTIVE_COMPILATION_CONDITIONS = DEBUG;
				SWIFT_OPTIMIZATION_LEVEL = "-Onone";
			};
			name = Debug;
		};
		82FA96122654E99D00FF463C /* Release */ = {
			isa = XCBuildConfiguration;
			buildSettings = {
				ALWAYS_SEARCH_USER_PATHS = NO;
				CLANG_ANALYZER_NONNULL = YES;
				CLANG_ANALYZER_NUMBER_OBJECT_CONVERSION = YES_AGGRESSIVE;
				CLANG_CXX_LANGUAGE_STANDARD = "gnu++14";
				CLANG_CXX_LIBRARY = "libc++";
				CLANG_ENABLE_MODULES = YES;
				CLANG_ENABLE_OBJC_ARC = YES;
				CLANG_ENABLE_OBJC_WEAK = YES;
				CLANG_WARN_BLOCK_CAPTURE_AUTORELEASING = YES;
				CLANG_WARN_BOOL_CONVERSION = YES;
				CLANG_WARN_COMMA = YES;
				CLANG_WARN_CONSTANT_CONVERSION = YES;
				CLANG_WARN_DEPRECATED_OBJC_IMPLEMENTATIONS = YES;
				CLANG_WARN_DIRECT_OBJC_ISA_USAGE = YES_ERROR;
				CLANG_WARN_DOCUMENTATION_COMMENTS = YES;
				CLANG_WARN_EMPTY_BODY = YES;
				CLANG_WARN_ENUM_CONVERSION = YES;
				CLANG_WARN_INFINITE_RECURSION = YES;
				CLANG_WARN_INT_CONVERSION = YES;
				CLANG_WARN_NON_LITERAL_NULL_CONVERSION = YES;
				CLANG_WARN_OBJC_IMPLICIT_RETAIN_SELF = YES;
				CLANG_WARN_OBJC_LITERAL_CONVERSION = YES;
				CLANG_WARN_OBJC_ROOT_CLASS = YES_ERROR;
				CLANG_WARN_QUOTED_INCLUDE_IN_FRAMEWORK_HEADER = YES;
				CLANG_WARN_RANGE_LOOP_ANALYSIS = YES;
				CLANG_WARN_STRICT_PROTOTYPES = YES;
				CLANG_WARN_SUSPICIOUS_MOVE = YES;
				CLANG_WARN_UNGUARDED_AVAILABILITY = YES_AGGRESSIVE;
				CLANG_WARN_UNREACHABLE_CODE = YES;
				CLANG_WARN__DUPLICATE_METHOD_MATCH = YES;
				COPY_PHASE_STRIP = NO;
				DEBUG_INFORMATION_FORMAT = "dwarf-with-dsym";
				ENABLE_NS_ASSERTIONS = NO;
				ENABLE_STRICT_OBJC_MSGSEND = YES;
				GCC_C_LANGUAGE_STANDARD = gnu11;
				GCC_NO_COMMON_BLOCKS = YES;
				GCC_WARN_64_TO_32_BIT_CONVERSION = YES;
				GCC_WARN_ABOUT_RETURN_TYPE = YES_ERROR;
				GCC_WARN_UNDECLARED_SELECTOR = YES;
				GCC_WARN_UNINITIALIZED_AUTOS = YES_AGGRESSIVE;
				GCC_WARN_UNUSED_FUNCTION = YES;
				GCC_WARN_UNUSED_VARIABLE = YES;
				IPHONEOS_DEPLOYMENT_TARGET = 14.4;
				MTL_ENABLE_DEBUG_INFO = NO;
				MTL_FAST_MATH = YES;
				SDKROOT = iphoneos;
				SWIFT_COMPILATION_MODE = wholemodule;
				SWIFT_OPTIMIZATION_LEVEL = "-O";
				VALIDATE_PRODUCT = YES;
			};
			name = Release;
		};
		82FA96142654E99D00FF463C /* Debug */ = {
			isa = XCBuildConfiguration;
			baseConfigurationReference = A85EEDC978D6EC1EC305F9A6 /* Pods-project-1871180.debug.xcconfig */;
			buildSettings = {
				ASSETCATALOG_COMPILER_APPICON_NAME = AppIcon;
				ASSETCATALOG_COMPILER_GLOBAL_ACCENT_COLOR_NAME = AccentColor;
				CODE_SIGN_STYLE = Automatic;
				INFOPLIST_FILE = "project-1871180/Info.plist";
				LD_RUNPATH_SEARCH_PATHS = (
					"$(inherited)",
					"@executable_path/Frameworks",
				);
				PRODUCT_BUNDLE_IDENTIFIER = "gjmin.project-1871180";
				PRODUCT_NAME = "$(TARGET_NAME)";
				SWIFT_VERSION = 5.0;
				TARGETED_DEVICE_FAMILY = "1,2";
			};
			name = Debug;
		};
		82FA96152654E99D00FF463C /* Release */ = {
			isa = XCBuildConfiguration;
			baseConfigurationReference = 9E237136D670F773FD960C2B /* Pods-project-1871180.release.xcconfig */;
			buildSettings = {
				ASSETCATALOG_COMPILER_APPICON_NAME = AppIcon;
				ASSETCATALOG_COMPILER_GLOBAL_ACCENT_COLOR_NAME = AccentColor;
				CODE_SIGN_STYLE = Automatic;
				INFOPLIST_FILE = "project-1871180/Info.plist";
				LD_RUNPATH_SEARCH_PATHS = (
					"$(inherited)",
					"@executable_path/Frameworks",
				);
				PRODUCT_BUNDLE_IDENTIFIER = "gjmin.project-1871180";
				PRODUCT_NAME = "$(TARGET_NAME)";
				SWIFT_VERSION = 5.0;
				TARGETED_DEVICE_FAMILY = "1,2";
			};
			name = Release;
		};
/* End XCBuildConfiguration section */

/* Begin XCConfigurationList section */
		82FA95FA2654E99A00FF463C /* Build configuration list for PBXProject "project-1871180" */ = {
			isa = XCConfigurationList;
			buildConfigurations = (
				82FA96112654E99D00FF463C /* Debug */,
				82FA96122654E99D00FF463C /* Release */,
			);
			defaultConfigurationIsVisible = 0;
			defaultConfigurationName = Release;
		};
		82FA96132654E99D00FF463C /* Build configuration list for PBXNativeTarget "project-1871180" */ = {
			isa = XCConfigurationList;
			buildConfigurations = (
				82FA96142654E99D00FF463C /* Debug */,
				82FA96152654E99D00FF463C /* Release */,
			);
			defaultConfigurationIsVisible = 0;
			defaultConfigurationName = Release;
		};
/* End XCConfigurationList section */
	};
	rootObject = 82FA95F72654E99A00FF463C /* Project object */;
}
